// !$*UTF8*$!
{
	archiveVersion = 1;
	classes = {
	};
	objectVersion = 55;
	objects = {

/* Begin PBXBuildFile section */
		7C81671B2742729F00B5DE35 /* AppDelegate.swift in Sources */ = {isa = PBXBuildFile; fileRef = 7C81671A2742729F00B5DE35 /* AppDelegate.swift */; };
		7C81671D2742729F00B5DE35 /* SceneDelegate.swift in Sources */ = {isa = PBXBuildFile; fileRef = 7C81671C2742729F00B5DE35 /* SceneDelegate.swift */; };
		7C81671F2742729F00B5DE35 /* TodoListViewController.swift in Sources */ = {isa = PBXBuildFile; fileRef = 7C81671E2742729F00B5DE35 /* TodoListViewController.swift */; };
		7C8167222742729F00B5DE35 /* Main.storyboard in Resources */ = {isa = PBXBuildFile; fileRef = 7C8167202742729F00B5DE35 /* Main.storyboard */; };
		7C8167252742729F00B5DE35 /* TheListed.xcdatamodeld in Sources */ = {isa = PBXBuildFile; fileRef = 7C8167232742729F00B5DE35 /* TheListed.xcdatamodeld */; };
		7C816727274272A100B5DE35 /* Assets.xcassets in Resources */ = {isa = PBXBuildFile; fileRef = 7C816726274272A100B5DE35 /* Assets.xcassets */; };
		7C81672A274272A100B5DE35 /* LaunchScreen.storyboard in Resources */ = {isa = PBXBuildFile; fileRef = 7C816728274272A100B5DE35 /* LaunchScreen.storyboard */; };
		7C8167372743D9DB00B5DE35 /* CategoryTableViewController.swift in Sources */ = {isa = PBXBuildFile; fileRef = 7C8167362743D9DB00B5DE35 /* CategoryTableViewController.swift */; };
/* End PBXBuildFile section */

/* Begin PBXFileReference section */
		7C8167172742729F00B5DE35 /* TheListed.app */ = {isa = PBXFileReference; explicitFileType = wrapper.application; includeInIndex = 0; path = TheListed.app; sourceTree = BUILT_PRODUCTS_DIR; };
		7C81671A2742729F00B5DE35 /* AppDelegate.swift */ = {isa = PBXFileReference; lastKnownFileType = sourcecode.swift; path = AppDelegate.swift; sourceTree = "<group>"; };
		7C81671C2742729F00B5DE35 /* SceneDelegate.swift */ = {isa = PBXFileReference; lastKnownFileType = sourcecode.swift; path = SceneDelegate.swift; sourceTree = "<group>"; };
		7C81671E2742729F00B5DE35 /* TodoListViewController.swift */ = {isa = PBXFileReference; lastKnownFileType = sourcecode.swift; path = TodoListViewController.swift; sourceTree = "<group>"; };
		7C8167212742729F00B5DE35 /* Base */ = {isa = PBXFileReference; lastKnownFileType = file.storyboard; name = Base; path = Base.lproj/Main.storyboard; sourceTree = "<group>"; };
		7C8167242742729F00B5DE35 /* TheListed.xcdatamodel */ = {isa = PBXFileReference; lastKnownFileType = wrapper.xcdatamodel; path = TheListed.xcdatamodel; sourceTree = "<group>"; };
		7C816726274272A100B5DE35 /* Assets.xcassets */ = {isa = PBXFileReference; lastKnownFileType = folder.assetcatalog; path = Assets.xcassets; sourceTree = "<group>"; };
		7C816729274272A100B5DE35 /* Base */ = {isa = PBXFileReference; lastKnownFileType = file.storyboard; name = Base; path = Base.lproj/LaunchScreen.storyboard; sourceTree = "<group>"; };
		7C81672B274272A100B5DE35 /* Info.plist */ = {isa = PBXFileReference; lastKnownFileType = text.plist.xml; path = Info.plist; sourceTree = "<group>"; };
		7C8167362743D9DB00B5DE35 /* CategoryTableViewController.swift */ = {isa = PBXFileReference; lastKnownFileType = sourcecode.swift; path = CategoryTableViewController.swift; sourceTree = "<group>"; };
/* End PBXFileReference section */

/* Begin PBXFrameworksBuildPhase section */
		7C8167142742729F00B5DE35 /* Frameworks */ = {
			isa = PBXFrameworksBuildPhase;
			buildActionMask = 2147483647;
			files = (
			);
			runOnlyForDeploymentPostprocessing = 0;
		};
/* End PBXFrameworksBuildPhase section */

/* Begin PBXGroup section */
		7C81670E2742729F00B5DE35 = {
			isa = PBXGroup;
			children = (
				7C8167192742729F00B5DE35 /* TheListed */,
				7C8167182742729F00B5DE35 /* Products */,
			);
			sourceTree = "<group>";
		};
		7C8167182742729F00B5DE35 /* Products */ = {
			isa = PBXGroup;
			children = (
				7C8167172742729F00B5DE35 /* TheListed.app */,
			);
			name = Products;
			sourceTree = "<group>";
		};
		7C8167192742729F00B5DE35 /* TheListed */ = {
			isa = PBXGroup;
			children = (
				7C81671A2742729F00B5DE35 /* AppDelegate.swift */,
				7C81671C2742729F00B5DE35 /* SceneDelegate.swift */,
				7C8167352742AA3200B5DE35 /* Controller */,
				7C8167332742AA1A00B5DE35 /* DataModel */,
				7C8167342742AA2700B5DE35 /* View */,
				7C816726274272A100B5DE35 /* Assets.xcassets */,
				7C816728274272A100B5DE35 /* LaunchScreen.storyboard */,
				7C81672B274272A100B5DE35 /* Info.plist */,
			);
			path = TheListed;
			sourceTree = "<group>";
		};
		7C8167332742AA1A00B5DE35 /* DataModel */ = {
			isa = PBXGroup;
			children = (
				7C8167232742729F00B5DE35 /* TheListed.xcdatamodeld */,
			);
			path = DataModel;
			sourceTree = "<group>";
		};
		7C8167342742AA2700B5DE35 /* View */ = {
			isa = PBXGroup;
			children = (
				7C8167202742729F00B5DE35 /* Main.storyboard */,
			);
			path = View;
			sourceTree = "<group>";
		};
		7C8167352742AA3200B5DE35 /* Controller */ = {
			isa = PBXGroup;
			children = (
				7C81671E2742729F00B5DE35 /* TodoListViewController.swift */,
				7C8167362743D9DB00B5DE35 /* CategoryTableViewController.swift */,
			);
			path = Controller;
			sourceTree = "<group>";
		};
/* End PBXGroup section */

/* Begin PBXNativeTarget section */
		7C8167162742729F00B5DE35 /* TheListed */ = {
			isa = PBXNativeTarget;
			buildConfigurationList = 7C81672E274272A100B5DE35 /* Build configuration list for PBXNativeTarget "TheListed" */;
			buildPhases = (
				7C8167132742729F00B5DE35 /* Sources */,
				7C8167142742729F00B5DE35 /* Frameworks */,
				7C8167152742729F00B5DE35 /* Resources */,
			);
			buildRules = (
			);
			dependencies = (
			);
			name = TheListed;
			productName = TheListed;
			productReference = 7C8167172742729F00B5DE35 /* TheListed.app */;
			productType = "com.apple.product-type.application";
		};
/* End PBXNativeTarget section */

/* Begin PBXProject section */
		7C81670F2742729F00B5DE35 /* Project object */ = {
			isa = PBXProject;
			attributes = {
				BuildIndependentTargetsInParallel = 1;
				LastSwiftUpdateCheck = 1310;
				LastUpgradeCheck = 1310;
				TargetAttributes = {
					7C8167162742729F00B5DE35 = {
						CreatedOnToolsVersion = 13.1;
					};
				};
			};
			buildConfigurationList = 7C8167122742729F00B5DE35 /* Build configuration list for PBXProject "TheListed" */;
			compatibilityVersion = "Xcode 13.0";
			developmentRegion = en;
			hasScannedForEncodings = 0;
			knownRegions = (
				en,
				Base,
			);
			mainGroup = 7C81670E2742729F00B5DE35;
			productRefGroup = 7C8167182742729F00B5DE35 /* Products */;
			projectDirPath = "";
			projectRoot = "";
			targets = (
				7C8167162742729F00B5DE35 /* TheListed */,
			);
		};
/* End PBXProject section */

/* Begin PBXResourcesBuildPhase section */
		7C8167152742729F00B5DE35 /* Resources */ = {
			isa = PBXResourcesBuildPhase;
			buildActionMask = 2147483647;
			files = (
				7C81672A274272A100B5DE35 /* LaunchScreen.storyboard in Resources */,
				7C816727274272A100B5DE35 /* Assets.xcassets in Resources */,
				7C8167222742729F00B5DE35 /* Main.storyboard in Resources */,
			);
			runOnlyForDeploymentPostprocessing = 0;
		};
/* End PBXResourcesBuildPhase section */

/* Begin PBXSourcesBuildPhase section */
		7C8167132742729F00B5DE35 /* Sources */ = {
			isa = PBXSourcesBuildPhase;
			buildActionMask = 2147483647;
			files = (
				7C8167252742729F00B5DE35 /* TheListed.xcdatamodeld in Sources */,
				7C81671F2742729F00B5DE35 /* TodoListViewController.swift in Sources */,
				7C8167372743D9DB00B5DE35 /* CategoryTableViewController.swift in Sources */,
				7C81671B2742729F00B5DE35 /* AppDelegate.swift in Sources */,
				7C81671D2742729F00B5DE35 /* SceneDelegate.swift in Sources */,
			);
			runOnlyForDeploymentPostprocessing = 0;
		};
/* End PBXSourcesBuildPhase section */

/* Begin PBXVariantGroup section */
		7C8167202742729F00B5DE35 /* Main.storyboard */ = {
			isa = PBXVariantGroup;
			children = (
				7C8167212742729F00B5DE35 /* Base */,
			);
			name = Main.storyboard;
			sourceTree = "<group>";
		};
		7C816728274272A100B5DE35 /* LaunchScreen.storyboard */ = {
			isa = PBXVariantGroup;
			children = (
				7C816729274272A100B5DE35 /* Base */,
			);
			name = LaunchScreen.storyboard;
			sourceTree = "<group>";
		};
/* End PBXVariantGroup section */

/* Begin XCBuildConfiguration section */
		7C81672C274272A100B5DE35 /* Debug */ = {
			isa = XCBuildConfiguration;
			buildSettings = {
				ALWAYS_SEARCH_USER_PATHS = NO;
				CLANG_ANALYZER_NONNULL = YES;
				CLANG_ANALYZER_NUMBER_OBJECT_CONVERSION = YES_AGGRESSIVE;
				CLANG_CXX_LANGUAGE_STANDARD = "gnu++17";
				CLANG_CXX_LIBRARY = "libc++";
				CLANG_ENABLE_MODULES = YES;
				CLANG_ENABLE_OBJC_ARC = YES;
				CLANG_ENABLE_OBJC_WEAK = YES;
				CLANG_WARN_BLOCK_CAPTURE_AUTORELEASING = YES;
				CLANG_WARN_BOOL_CONVERSION = YES;
				CLANG_WARN_COMMA = YES;
				CLANG_WARN_CONSTANT_CONVERSION = YES;
				CLANG_WARN_DEPRECATED_OBJC_IMPLEMENTATIONS = YES;
				CLANG_WARN_DIRECT_OBJC_ISA_USAGE = YES_ERROR;
				CLANG_WARN_DOCUMENTATION_COMMENTS = YES;
				CLANG_WARN_EMPTY_BODY = YES;
				CLANG_WARN_ENUM_CONVERSION = YES;
				CLANG_WARN_INFINITE_RECURSION = YES;
				CLANG_WARN_INT_CONVERSION = YES;
				CLANG_WARN_NON_LITERAL_NULL_CONVERSION = YES;
				CLANG_WARN_OBJC_IMPLICIT_RETAIN_SELF = YES;
				CLANG_WARN_OBJC_LITERAL_CONVERSION = YES;
				CLANG_WARN_OBJC_ROOT_CLASS = YES_ERROR;
				CLANG_WARN_QUOTED_INCLUDE_IN_FRAMEWORK_HEADER = YES;
				CLANG_WARN_RANGE_LOOP_ANALYSIS = YES;
				CLANG_WARN_STRICT_PROTOTYPES = YES;
				CLANG_WARN_SUSPICIOUS_MOVE = YES;
				CLANG_WARN_UNGUARDED_AVAILABILITY = YES_AGGRESSIVE;
				CLANG_WARN_UNREACHABLE_CODE = YES;
				CLANG_WARN__DUPLICATE_METHOD_MATCH = YES;
				COPY_PHASE_STRIP = NO;
				DEBUG_INFORMATION_FORMAT = dwarf;
				ENABLE_STRICT_OBJC_MSGSEND = YES;
				ENABLE_TESTABILITY = YES;
				GCC_C_LANGUAGE_STANDARD = gnu11;
				GCC_DYNAMIC_NO_PIC = NO;
				GCC_NO_COMMON_BLOCKS = YES;
				GCC_OPTIMIZATION_LEVEL = 0;
				GCC_PREPROCESSOR_DEFINITIONS = (
					"DEBUG=1",
					"$(inherited)",
				);
				GCC_WARN_64_TO_32_BIT_CONVERSION = YES;
				GCC_WARN_ABOUT_RETURN_TYPE = YES_ERROR;
				GCC_WARN_UNDECLARED_SELECTOR = YES;
				GCC_WARN_UNINITIALIZED_AUTOS = YES_AGGRESSIVE;
				GCC_WARN_UNUSED_FUNCTION = YES;
				GCC_WARN_UNUSED_VARIABLE = YES;
				IPHONEOS_DEPLOYMENT_TARGET = 15.0;
				MTL_ENABLE_DEBUG_INFO = INCLUDE_SOURCE;
				MTL_FAST_MATH = YES;
				ONLY_ACTIVE_ARCH = YES;
				SDKROOT = iphoneos;
				SWIFT_ACTIVE_COMPILATION_CONDITIONS = DEBUG;
				SWIFT_OPTIMIZATION_LEVEL = "-Onone";
			};
			name = Debug;
		};
		7C81672D274272A100B5DE35 /* Release */ = {
			isa = XCBuildConfiguration;
			buildSettings = {
				ALWAYS_SEARCH_USER_PATHS = NO;
				CLANG_ANALYZER_NONNULL = YES;
				CLANG_ANALYZER_NUMBER_OBJECT_CONVERSION = YES_AGGRESSIVE;
				CLANG_CXX_LANGUAGE_STANDARD = "gnu++17";
				CLANG_CXX_LIBRARY = "libc++";
				CLANG_ENABLE_MODULES = YES;
				CLANG_ENABLE_OBJC_ARC = YES;
				CLANG_ENABLE_OBJC_WEAK = YES;
				CLANG_WARN_BLOCK_CAPTURE_AUTORELEASING = YES;
				CLANG_WARN_BOOL_CONVERSION = YES;
				CLANG_WARN_COMMA = YES;
				CLANG_WARN_CONSTANT_CONVERSION = YES;
				CLANG_WARN_DEPRECATED_OBJC_IMPLEMENTATIONS = YES;
				CLANG_WARN_DIRECT_OBJC_ISA_USAGE = YES_ERROR;
				CLANG_WARN_DOCUMENTATION_COMMENTS = YES;
				CLANG_WARN_EMPTY_BODY = YES;
				CLANG_WARN_ENUM_CONVERSION = YES;
				CLANG_WARN_INFINITE_RECURSION = YES;
				CLANG_WARN_INT_CONVERSION = YES;
				CLANG_WARN_NON_LITERAL_NULL_CONVERSION = YES;
				CLANG_WARN_OBJC_IMPLICIT_RETAIN_SELF = YES;
				CLANG_WARN_OBJC_LITERAL_CONVERSION = YES;
				CLANG_WARN_OBJC_ROOT_CLASS = YES_ERROR;
				CLANG_WARN_QUOTED_INCLUDE_IN_FRAMEWORK_HEADER = YES;
				CLANG_WARN_RANGE_LOOP_ANALYSIS = YES;
				CLANG_WARN_STRICT_PROTOTYPES = YES;
				CLANG_WARN_SUSPICIOUS_MOVE = YES;
				CLANG_WARN_UNGUARDED_AVAILABILITY = YES_AGGRESSIVE;
				CLANG_WARN_UNREACHABLE_CODE = YES;
				CLANG_WARN__DUPLICATE_METHOD_MATCH = YES;
				COPY_PHASE_STRIP = NO;
				DEBUG_INFORMATION_FORMAT = "dwarf-with-dsym";
				ENABLE_NS_ASSERTIONS = NO;
				ENABLE_STRICT_OBJC_MSGSEND = YES;
				GCC_C_LANGUAGE_STANDARD = gnu11;
				GCC_NO_COMMON_BLOCKS = YES;
				GCC_WARN_64_TO_32_BIT_CONVERSION = YES;
				GCC_WARN_ABOUT_RETURN_TYPE = YES_ERROR;
				GCC_WARN_UNDECLARED_SELECTOR = YES;
				GCC_WARN_UNINITIALIZED_AUTOS = YES_AGGRESSIVE;
				GCC_WARN_UNUSED_FUNCTION = YES;
				GCC_WARN_UNUSED_VARIABLE = YES;
				IPHONEOS_DEPLOYMENT_TARGET = 15.0;
				MTL_ENABLE_DEBUG_INFO = NO;
				MTL_FAST_MATH = YES;
				SDKROOT = iphoneos;
				SWIFT_COMPILATION_MODE = wholemodule;
				SWIFT_OPTIMIZATION_LEVEL = "-O";
				VALIDATE_PRODUCT = YES;
			};
			name = Release;
		};
		7C81672F274272A100B5DE35 /* Debug */ = {
			isa = XCBuildConfiguration;
			buildSettings = {
				ASSETCATALOG_COMPILER_APPICON_NAME = AppIcon;
				ASSETCATALOG_COMPILER_GLOBAL_ACCENT_COLOR_NAME = AccentColor;
				CODE_SIGN_STYLE = Automatic;
				CURRENT_PROJECT_VERSION = 1;
				DEVELOPMENT_TEAM = SH8B934J9Q;
				GENERATE_INFOPLIST_FILE = YES;
				INFOPLIST_FILE = TheListed/Info.plist;
				INFOPLIST_KEY_UIApplicationSupportsIndirectInputEvents = YES;
				INFOPLIST_KEY_UILaunchStoryboardName = LaunchScreen;
				INFOPLIST_KEY_UIMainStoryboardFile = Main;
				INFOPLIST_KEY_UISupportedInterfaceOrientations_iPad = "UIInterfaceOrientationPortrait UIInterfaceOrientationPortraitUpsideDown UIInterfaceOrientationLandscapeLeft UIInterfaceOrientationLandscapeRight";
				INFOPLIST_KEY_UISupportedInterfaceOrientations_iPhone = "UIInterfaceOrientationPortrait UIInterfaceOrientationLandscapeLeft UIInterfaceOrientationLandscapeRight";
				LD_RUNPATH_SEARCH_PATHS = (
					"$(inherited)",
					"@executable_path/Frameworks",
				);
				MARKETING_VERSION = 1.0;
				PRODUCT_BUNDLE_IDENTIFIER = co.dmytro.TheListed;
				PRODUCT_NAME = "$(TARGET_NAME)";
				SWIFT_EMIT_LOC_STRINGS = YES;
				SWIFT_VERSION = 5.0;
				TARGETED_DEVICE_FAMILY = "1,2";
			};
			name = Debug;
		};
		7C816730274272A100B5DE35 /* Release */ = {
			isa = XCBuildConfiguration;
			buildSettings = {
				ASSETCATALOG_COMPILER_APPICON_NAME = AppIcon;
				ASSETCATALOG_COMPILER_GLOBAL_ACCENT_COLOR_NAME = AccentColor;
				CODE_SIGN_STYLE = Automatic;
				CURRENT_PROJECT_VERSION = 1;
				DEVELOPMENT_TEAM = SH8B934J9Q;
				GENERATE_INFOPLIST_FILE = YES;
				INFOPLIST_FILE = TheListed/Info.plist;
				INFOPLIST_KEY_UIApplicationSupportsIndirectInputEvents = YES;
				INFOPLIST_KEY_UILaunchStoryboardName = LaunchScreen;
				INFOPLIST_KEY_UIMainStoryboardFile = Main;
				INFOPLIST_KEY_UISupportedInterfaceOrientations_iPad = "UIInterfaceOrientationPortrait UIInterfaceOrientationPortraitUpsideDown UIInterfaceOrientationLandscapeLeft UIInterfaceOrientationLandscapeRight";
				INFOPLIST_KEY_UISupportedInterfaceOrientations_iPhone = "UIInterfaceOrientationPortrait UIInterfaceOrientationLandscapeLeft UIInterfaceOrientationLandscapeRight";
				LD_RUNPATH_SEARCH_PATHS = (
					"$(inherited)",
					"@executable_path/Frameworks",
				);
				MARKETING_VERSION = 1.0;
				PRODUCT_BUNDLE_IDENTIFIER = co.dmytro.TheListed;
				PRODUCT_NAME = "$(TARGET_NAME)";
				SWIFT_EMIT_LOC_STRINGS = YES;
				SWIFT_VERSION = 5.0;
				TARGETED_DEVICE_FAMILY = "1,2";
			};
			name = Release;
		};
/* End XCBuildConfiguration section */

/* Begin XCConfigurationList section */
		7C8167122742729F00B5DE35 /* Build configuration list for PBXProject "TheListed" */ = {
			isa = XCConfigurationList;
			buildConfigurations = (
				7C81672C274272A100B5DE35 /* Debug */,
				7C81672D274272A100B5DE35 /* Release */,
			);
			defaultConfigurationIsVisible = 0;
			defaultConfigurationName = Release;
		};
		7C81672E274272A100B5DE35 /* Build configuration list for PBXNativeTarget "TheListed" */ = {
			isa = XCConfigurationList;
			buildConfigurations = (
				7C81672F274272A100B5DE35 /* Debug */,
				7C816730274272A100B5DE35 /* Release */,
			);
			defaultConfigurationIsVisible = 0;
			defaultConfigurationName = Release;
		};
/* End XCConfigurationList section */

/* Begin XCVersionGroup section */
		7C8167232742729F00B5DE35 /* TheListed.xcdatamodeld */ = {
			isa = XCVersionGroup;
			children = (
				7C8167242742729F00B5DE35 /* TheListed.xcdatamodel */,
			);
			currentVersion = 7C8167242742729F00B5DE35 /* TheListed.xcdatamodel */;
			path = TheListed.xcdatamodeld;
			sourceTree = "<group>";
			versionGroupType = wrapper.xcdatamodel;
		};
/* End XCVersionGroup section */
	};
	rootObject = 7C81670F2742729F00B5DE35 /* Project object */;
}
